// !$*UTF8*$!
{
	archiveVersion = 1;
	classes = {
	};
	objectVersion = 48;
	objects = {

/* Begin PBXBuildFile section */
		B0BB5DEE1FE61ED700854417 /* AppDelegate.swift in Sources */ = {isa = PBXBuildFile; fileRef = B0BB5DED1FE61ED700854417 /* AppDelegate.swift */; };
		B0BB5DF01FE61ED700854417 /* ViewController.swift in Sources */ = {isa = PBXBuildFile; fileRef = B0BB5DEF1FE61ED700854417 /* ViewController.swift */; };
		B0BB5DF31FE61ED700854417 /* Main.storyboard in Resources */ = {isa = PBXBuildFile; fileRef = B0BB5DF11FE61ED700854417 /* Main.storyboard */; };
		B0BB5DF51FE61ED700854417 /* Assets.xcassets in Resources */ = {isa = PBXBuildFile; fileRef = B0BB5DF41FE61ED700854417 /* Assets.xcassets */; };
		B0BB5DF81FE61ED700854417 /* LaunchScreen.storyboard in Resources */ = {isa = PBXBuildFile; fileRef = B0BB5DF61FE61ED700854417 /* LaunchScreen.storyboard */; };
		B0BB5E031FE621EE00854417 /* Cyphers.swift in Sources */ = {isa = PBXBuildFile; fileRef = B0BB5E021FE621EE00854417 /* Cyphers.swift */; };
/* End PBXBuildFile section */

/* Begin PBXFileReference section */
		B0BB5DEA1FE61ED700854417 /* SocialCypher.app */ = {isa = PBXFileReference; explicitFileType = wrapper.application; includeInIndex = 0; path = SocialCypher.app; sourceTree = BUILT_PRODUCTS_DIR; };
		B0BB5DED1FE61ED700854417 /* AppDelegate.swift */ = {isa = PBXFileReference; lastKnownFileType = sourcecode.swift; path = AppDelegate.swift; sourceTree = "<group>"; };
		B0BB5DEF1FE61ED700854417 /* ViewController.swift */ = {isa = PBXFileReference; lastKnownFileType = sourcecode.swift; path = ViewController.swift; sourceTree = "<group>"; };
		B0BB5DF21FE61ED700854417 /* Base */ = {isa = PBXFileReference; lastKnownFileType = file.storyboard; name = Base; path = Base.lproj/Main.storyboard; sourceTree = "<group>"; };
		B0BB5DF41FE61ED700854417 /* Assets.xcassets */ = {isa = PBXFileReference; lastKnownFileType = folder.assetcatalog; path = Assets.xcassets; sourceTree = "<group>"; };
		B0BB5DF71FE61ED700854417 /* Base */ = {isa = PBXFileReference; lastKnownFileType = file.storyboard; name = Base; path = Base.lproj/LaunchScreen.storyboard; sourceTree = "<group>"; };
		B0BB5DF91FE61ED700854417 /* Info.plist */ = {isa = PBXFileReference; lastKnownFileType = text.plist.xml; path = Info.plist; sourceTree = "<group>"; };
		B0BB5E021FE621EE00854417 /* Cyphers.swift */ = {isa = PBXFileReference; lastKnownFileType = sourcecode.swift; path = Cyphers.swift; sourceTree = "<group>"; };
/* End PBXFileReference section */

/* Begin PBXFrameworksBuildPhase section */
		B0BB5DE71FE61ED700854417 /* Frameworks */ = {
			isa = PBXFrameworksBuildPhase;
			buildActionMask = 2147483647;
			files = (
			);
			runOnlyForDeploymentPostprocessing = 0;
		};
/* End PBXFrameworksBuildPhase section */

/* Begin PBXGroup section */
		B0BB5DE11FE61ED700854417 = {
			isa = PBXGroup;
			children = (
				B0BB5DEC1FE61ED700854417 /* SocialCypher */,
				B0BB5DEB1FE61ED700854417 /* Products */,
			);
			sourceTree = "<group>";
		};
		B0BB5DEB1FE61ED700854417 /* Products */ = {
			isa = PBXGroup;
			children = (
				B0BB5DEA1FE61ED700854417 /* SocialCypher.app */,
			);
			name = Products;
			sourceTree = "<group>";
		};
		B0BB5DEC1FE61ED700854417 /* SocialCypher */ = {
			isa = PBXGroup;
			children = (
				B0BB5E011FE621DE00854417 /* Cyphers */,
				B0BB5DED1FE61ED700854417 /* AppDelegate.swift */,
				B0BB5DEF1FE61ED700854417 /* ViewController.swift */,
				B0BB5DF11FE61ED700854417 /* Main.storyboard */,
				B0BB5DF41FE61ED700854417 /* Assets.xcassets */,
				B0BB5DF61FE61ED700854417 /* LaunchScreen.storyboard */,
				B0BB5DF91FE61ED700854417 /* Info.plist */,
			);
			path = SocialCypher;
			sourceTree = "<group>";
		};
		B0BB5E011FE621DE00854417 /* Cyphers */ = {
			isa = PBXGroup;
			children = (
				B0BB5E021FE621EE00854417 /* Cyphers.swift */,
			);
			path = Cyphers;
			sourceTree = "<group>";
		};
/* End PBXGroup section */

/* Begin PBXNativeTarget section */
		B0BB5DE91FE61ED700854417 /* SocialCypher */ = {
			isa = PBXNativeTarget;
			buildConfigurationList = B0BB5DFC1FE61ED700854417 /* Build configuration list for PBXNativeTarget "SocialCypher" */;
			buildPhases = (
				B0BB5DE61FE61ED700854417 /* Sources */,
				B0BB5DE71FE61ED700854417 /* Frameworks */,
				B0BB5DE81FE61ED700854417 /* Resources */,
			);
			buildRules = (
			);
			dependencies = (
			);
			name = SocialCypher;
			productName = SocialCypher;
			productReference = B0BB5DEA1FE61ED700854417 /* SocialCypher.app */;
			productType = "com.apple.product-type.application";
		};
/* End PBXNativeTarget section */

/* Begin PBXProject section */
		B0BB5DE21FE61ED700854417 /* Project object */ = {
			isa = PBXProject;
			attributes = {
				LastSwiftUpdateCheck = 0920;
				LastUpgradeCheck = 0920;
				ORGANIZATIONNAME = WayneHartman;
				TargetAttributes = {
					B0BB5DE91FE61ED700854417 = {
						CreatedOnToolsVersion = 9.2;
						ProvisioningStyle = Automatic;
					};
				};
			};
			buildConfigurationList = B0BB5DE51FE61ED700854417 /* Build configuration list for PBXProject "SocialCypher" */;
			compatibilityVersion = "Xcode 8.0";
			developmentRegion = en;
			hasScannedForEncodings = 0;
			knownRegions = (
				en,
				Base,
			);
			mainGroup = B0BB5DE11FE61ED700854417;
			productRefGroup = B0BB5DEB1FE61ED700854417 /* Products */;
			projectDirPath = "";
			projectRoot = "";
			targets = (
				B0BB5DE91FE61ED700854417 /* SocialCypher */,
			);
		};
/* End PBXProject section */

/* Begin PBXResourcesBuildPhase section */
		B0BB5DE81FE61ED700854417 /* Resources */ = {
			isa = PBXResourcesBuildPhase;
			buildActionMask = 2147483647;
			files = (
				B0BB5DF81FE61ED700854417 /* LaunchScreen.storyboard in Resources */,
				B0BB5DF51FE61ED700854417 /* Assets.xcassets in Resources */,
				B0BB5DF31FE61ED700854417 /* Main.storyboard in Resources */,
			);
			runOnlyForDeploymentPostprocessing = 0;
		};
/* End PBXResourcesBuildPhase section */

/* Begin PBXSourcesBuildPhase section */
		B0BB5DE61FE61ED700854417 /* Sources */ = {
			isa = PBXSourcesBuildPhase;
			buildActionMask = 2147483647;
			files = (
				B0BB5E031FE621EE00854417 /* Cyphers.swift in Sources */,
				B0BB5DF01FE61ED700854417 /* ViewController.swift in Sources */,
				B0BB5DEE1FE61ED700854417 /* AppDelegate.swift in Sources */,
			);
			runOnlyForDeploymentPostprocessing = 0;
		};
/* End PBXSourcesBuildPhase section */

/* Begin PBXVariantGroup section */
		B0BB5DF11FE61ED700854417 /* Main.storyboard */ = {
			isa = PBXVariantGroup;
			children = (
				B0BB5DF21FE61ED700854417 /* Base */,
			);
			name = Main.storyboard;
			sourceTree = "<group>";
		};
		B0BB5DF61FE61ED700854417 /* LaunchScreen.storyboard */ = {
			isa = PBXVariantGroup;
			children = (
				B0BB5DF71FE61ED700854417 /* Base */,
			);
			name = LaunchScreen.storyboard;
			sourceTree = "<group>";
		};
/* End PBXVariantGroup section */

/* Begin XCBuildConfiguration section */
		B0BB5DFA1FE61ED700854417 /* Debug */ = {
			isa = XCBuildConfiguration;
			buildSettings = {
				ALWAYS_SEARCH_USER_PATHS = NO;
				CLANG_ANALYZER_NONNULL = YES;
				CLANG_ANALYZER_NUMBER_OBJECT_CONVERSION = YES_AGGRESSIVE;
				CLANG_CXX_LANGUAGE_STANDARD = "gnu++14";
				CLANG_CXX_LIBRARY = "libc++";
				CLANG_ENABLE_MODULES = YES;
				CLANG_ENABLE_OBJC_ARC = YES;
				CLANG_WARN_BLOCK_CAPTURE_AUTORELEASING = YES;
				CLANG_WARN_BOOL_CONVERSION = YES;
				CLANG_WARN_COMMA = YES;
				CLANG_WARN_CONSTANT_CONVERSION = YES;
				CLANG_WARN_DIRECT_OBJC_ISA_USAGE = YES_ERROR;
				CLANG_WARN_DOCUMENTATION_COMMENTS = YES;
				CLANG_WARN_EMPTY_BODY = YES;
				CLANG_WARN_ENUM_CONVERSION = YES;
				CLANG_WARN_INFINITE_RECURSION = YES;
				CLANG_WARN_INT_CONVERSION = YES;
				CLANG_WARN_NON_LITERAL_NULL_CONVERSION = YES;
				CLANG_WARN_OBJC_LITERAL_CONVERSION = YES;
				CLANG_WARN_OBJC_ROOT_CLASS = YES_ERROR;
				CLANG_WARN_RANGE_LOOP_ANALYSIS = YES;
				CLANG_WARN_STRICT_PROTOTYPES = YES;
				CLANG_WARN_SUSPICIOUS_MOVE = YES;
				CLANG_WARN_UNGUARDED_AVAILABILITY = YES_AGGRESSIVE;
				CLANG_WARN_UNREACHABLE_CODE = YES;
				CLANG_WARN__DUPLICATE_METHOD_MATCH = YES;
				CODE_SIGN_IDENTITY = "iPhone Developer";
				COPY_PHASE_STRIP = NO;
				DEBUG_INFORMATION_FORMAT = dwarf;
				ENABLE_STRICT_OBJC_MSGSEND = YES;
				ENABLE_TESTABILITY = YES;
				GCC_C_LANGUAGE_STANDARD = gnu11;
				GCC_DYNAMIC_NO_PIC = NO;
				GCC_NO_COMMON_BLOCKS = YES;
				GCC_OPTIMIZATION_LEVEL = 0;
				GCC_PREPROCESSOR_DEFINITIONS = (
					"DEBUG=1",
					"$(inherited)",
				);
				GCC_WARN_64_TO_32_BIT_CONVERSION = YES;
				GCC_WARN_ABOUT_RETURN_TYPE = YES_ERROR;
				GCC_WARN_UNDECLARED_SELECTOR = YES;
				GCC_WARN_UNINITIALIZED_AUTOS = YES_AGGRESSIVE;
				GCC_WARN_UNUSED_FUNCTION = YES;
				GCC_WARN_UNUSED_VARIABLE = YES;
				IPHONEOS_DEPLOYMENT_TARGET = 11.2;
				MTL_ENABLE_DEBUG_INFO = YES;
				ONLY_ACTIVE_ARCH = YES;
				SDKROOT = iphoneos;
				SWIFT_ACTIVE_COMPILATION_CONDITIONS = DEBUG;
				SWIFT_OPTIMIZATION_LEVEL = "-Onone";
			};
			name = Debug;
		};
		B0BB5DFB1FE61ED700854417 /* Release */ = {
			isa = XCBuildConfiguration;
			buildSettings = {
				ALWAYS_SEARCH_USER_PATHS = NO;
				CLANG_ANALYZER_NONNULL = YES;
				CLANG_ANALYZER_NUMBER_OBJECT_CONVERSION = YES_AGGRESSIVE;
				CLANG_CXX_LANGUAGE_STANDARD = "gnu++14";
				CLANG_CXX_LIBRARY = "libc++";
				CLANG_ENABLE_MODULES = YES;
				CLANG_ENABLE_OBJC_ARC = YES;
				CLANG_WARN_BLOCK_CAPTURE_AUTORELEASING = YES;
				CLANG_WARN_BOOL_CONVERSION = YES;
				CLANG_WARN_COMMA = YES;
				CLANG_WARN_CONSTANT_CONVERSION = YES;
				CLANG_WARN_DIRECT_OBJC_ISA_USAGE = YES_ERROR;
				CLANG_WARN_DOCUMENTATION_COMMENTS = YES;
				CLANG_WARN_EMPTY_BODY = YES;
				CLANG_WARN_ENUM_CONVERSION = YES;
				CLANG_WARN_INFINITE_RECURSION = YES;
				CLANG_WARN_INT_CONVERSION = YES;
				CLANG_WARN_NON_LITERAL_NULL_CONVERSION = YES;
				CLANG_WARN_OBJC_LITERAL_CONVERSION = YES;
				CLANG_WARN_OBJC_ROOT_CLASS = YES_ERROR;
				CLANG_WARN_RANGE_LOOP_ANALYSIS = YES;
				CLANG_WARN_STRICT_PROTOTYPES = YES;
				CLANG_WARN_SUSPICIOUS_MOVE = YES;
				CLANG_WARN_UNGUARDED_AVAILABILITY = YES_AGGRESSIVE;
				CLANG_WARN_UNREACHABLE_CODE = YES;
				CLANG_WARN__DUPLICATE_METHOD_MATCH = YES;
				CODE_SIGN_IDENTITY = "iPhone Developer";
				COPY_PHASE_STRIP = NO;
				DEBUG_INFORMATION_FORMAT = "dwarf-with-dsym";
				ENABLE_NS_ASSERTIONS = NO;
				ENABLE_STRICT_OBJC_MSGSEND = YES;
				GCC_C_LANGUAGE_STANDARD = gnu11;
				GCC_NO_COMMON_BLOCKS = YES;
				GCC_WARN_64_TO_32_BIT_CONVERSION = YES;
				GCC_WARN_ABOUT_RETURN_TYPE = YES_ERROR;
				GCC_WARN_UNDECLARED_SELECTOR = YES;
				GCC_WARN_UNINITIALIZED_AUTOS = YES_AGGRESSIVE;
				GCC_WARN_UNUSED_FUNCTION = YES;
				GCC_WARN_UNUSED_VARIABLE = YES;
				IPHONEOS_DEPLOYMENT_TARGET = 11.2;
				MTL_ENABLE_DEBUG_INFO = NO;
				SDKROOT = iphoneos;
				SWIFT_OPTIMIZATION_LEVEL = "-Owholemodule";
				VALIDATE_PRODUCT = YES;
			};
			name = Release;
		};
		B0BB5DFD1FE61ED700854417 /* Debug */ = {
			isa = XCBuildConfiguration;
			buildSettings = {
				ASSETCATALOG_COMPILER_APPICON_NAME = AppIcon;
				CODE_SIGN_STYLE = Automatic;
				DEVELOPMENT_TEAM = R937YBPA22;
				INFOPLIST_FILE = SocialCypher/Info.plist;
				LD_RUNPATH_SEARCH_PATHS = "$(inherited) @executable_path/Frameworks";
				PRODUCT_BUNDLE_IDENTIFIER = com.waynehartman.SocialCypher;
				PRODUCT_NAME = "$(TARGET_NAME)";
				SWIFT_VERSION = 4.0;
				TARGETED_DEVICE_FAMILY = "1,2";
			};
			name = Debug;
		};
		B0BB5DFE1FE61ED700854417 /* Release */ = {
			isa = XCBuildConfiguration;
			buildSettings = {
				ASSETCATALOG_COMPILER_APPICON_NAME = AppIcon;
				CODE_SIGN_STYLE = Automatic;
				DEVELOPMENT_TEAM = R937YBPA22;
				INFOPLIST_FILE = SocialCypher/Info.plist;
				LD_RUNPATH_SEARCH_PATHS = "$(inherited) @executable_path/Frameworks";
				PRODUCT_BUNDLE_IDENTIFIER = com.waynehartman.SocialCypher;
				PRODUCT_NAME = "$(TARGET_NAME)";
				SWIFT_VERSION = 4.0;
				TARGETED_DEVICE_FAMILY = "1,2";
			};
			name = Release;
		};
/* End XCBuildConfiguration section */

/* Begin XCConfigurationList section */
		B0BB5DE51FE61ED700854417 /* Build configuration list for PBXProject "SocialCypher" */ = {
			isa = XCConfigurationList;
			buildConfigurations = (
				B0BB5DFA1FE61ED700854417 /* Debug */,
				B0BB5DFB1FE61ED700854417 /* Release */,
			);
			defaultConfigurationIsVisible = 0;
			defaultConfigurationName = Release;
		};
		B0BB5DFC1FE61ED700854417 /* Build configuration list for PBXNativeTarget "SocialCypher" */ = {
			isa = XCConfigurationList;
			buildConfigurations = (
				B0BB5DFD1FE61ED700854417 /* Debug */,
				B0BB5DFE1FE61ED700854417 /* Release */,
			);
			defaultConfigurationIsVisible = 0;
			defaultConfigurationName = Release;
		};
/* End XCConfigurationList section */
	};
	rootObject = B0BB5DE21FE61ED700854417 /* Project object */;
}
